
Microsoft Visual Studio Solution File, Format Version 12.00
# Visual Studio Version 16
VisualStudioVersion = 16.0.29613.14
MinimumVisualStudioVersion = 10.0.40219.1
Project("{FAE04EC0-301F-11D3-BF4B-00C04F79EFBC}") = "MergeSort", "MergeSort\MergeSort.csproj", "{9BFA9D3B-AA9F-490A-B862-D20446DF7E73}"
EndProject
Project("{FAE04EC0-301F-11D3-BF4B-00C04F79EFBC}") = "Sort.Tests", "Sort.Tests\Sort.Tests.csproj", "{EC5F3100-8811-4B75-BF8B-7ED3025EFC66}"
EndProject
Global
	GlobalSection(SolutionConfigurationPlatforms) = preSolution
		Debug|Any CPU = Debug|Any CPU
		Release|Any CPU = Release|Any CPU
	EndGlobalSection
	GlobalSection(ProjectConfigurationPlatforms) = postSolution
		{9BFA9D3B-AA9F-490A-B862-D20446DF7E73}.Debug|Any CPU.ActiveCfg = Debug|Any CPU
		{9BFA9D3B-AA9F-490A-B862-D20446DF7E73}.Debug|Any CPU.Build.0 = Debug|Any CPU
		{9BFA9D3B-AA9F-490A-B862-D20446DF7E73}.Release|Any CPU.ActiveCfg = Release|Any CPU
		{9BFA9D3B-AA9F-490A-B862-D20446DF7E73}.Release|Any CPU.Build.0 = Release|Any CPU
		{EC5F3100-8811-4B75-BF8B-7ED3025EFC66}.Debug|Any CPU.ActiveCfg = Debug|Any CPU
		{EC5F3100-8811-4B75-BF8B-7ED3025EFC66}.Debug|Any CPU.Build.0 = Debug|Any CPU
		{EC5F3100-8811-4B75-BF8B-7ED3025EFC66}.Release|Any CPU.ActiveCfg = Release|Any CPU
		{EC5F3100-8811-4B75-BF8B-7ED3025EFC66}.Release|Any CPU.Build.0 = Release|Any CPU
	EndGlobalSection
	GlobalSection(SolutionProperties) = preSolution
		HideSolutionNode = FALSE
	EndGlobalSection
	GlobalSection(ExtensibilityGlobals) = postSolution
		SolutionGuid = {856F03E6-92B4-4281-B5B0-92C6E3C0694F}
	EndGlobalSection
EndGlobal
